{
  "name": "bastenyang",
  "version": "1.0.0",
  "lockfileVersion": 1,
  "requires": true,
  "dependencies": {
    "lin-ui": {
      "version": "0.6.5",
      "resolved": "https://registry.npmjs.org/lin-ui/-/lin-ui-0.6.5.tgz",
      "integrity": "sha512-lq0NRLo4y3wUepcqY4+0dw0vbjsMO282JvX3Y+fCYpOfaxA3ofd95W6CQ/zqksKwVIzrLd5wh0H8SXYf3iP39A=="
    }
  }
}
